
Microsoft Visual Studio Solution File, Format Version 12.00
# Visual Studio Version 16
VisualStudioVersion = 16.0.30523.141
MinimumVisualStudioVersion = 10.0.40219.1
Project("{FAE04EC0-301F-11D3-BF4B-00C04F79EFBC}") = "EmailTracker.API", "EmailTracker.API\EmailTracker.API.csproj", "{B202C602-7B23-45FF-8C43-1F1F54E3AABC}"
EndProject
Project("{FAE04EC0-301F-11D3-BF4B-00C04F79EFBC}") = "EmailTracker.Web", "EmailTracker.Web\EmailTracker.Web.csproj", "{6CAE5F1F-B706-4AC9-A1F4-2BEE46114C56}"
EndProject
Project("{FAE04EC0-301F-11D3-BF4B-00C04F79EFBC}") = "EmailTracker.Data", "EmailTracker.Data\EmailTracker.Data.csproj", "{76866979-9296-4105-BEF0-1A0F4431AE8B}"
EndProject
Project("{FAE04EC0-301F-11D3-BF4B-00C04F79EFBC}") = "EmailTracker.Domain", "EmailTracker.Domain\EmailTracker.Domain.csproj", "{67476880-9525-4A89-97D2-9C43CE2F84AD}"
EndProject
Project("{FAE04EC0-301F-11D3-BF4B-00C04F79EFBC}") = "EmailTracker.Tests", "EmailTracker.Tests\EmailTracker.Tests.csproj", "{EF1322FA-74AB-4115-83BD-2A50ADF0E747}"
EndProject
Global
	GlobalSection(SolutionConfigurationPlatforms) = preSolution
		Debug|Any CPU = Debug|Any CPU
		Release|Any CPU = Release|Any CPU
	EndGlobalSection
	GlobalSection(ProjectConfigurationPlatforms) = postSolution
		{B202C602-7B23-45FF-8C43-1F1F54E3AABC}.Debug|Any CPU.ActiveCfg = Debug|Any CPU
		{B202C602-7B23-45FF-8C43-1F1F54E3AABC}.Debug|Any CPU.Build.0 = Debug|Any CPU
		{B202C602-7B23-45FF-8C43-1F1F54E3AABC}.Release|Any CPU.ActiveCfg = Release|Any CPU
		{B202C602-7B23-45FF-8C43-1F1F54E3AABC}.Release|Any CPU.Build.0 = Release|Any CPU
		{6CAE5F1F-B706-4AC9-A1F4-2BEE46114C56}.Debug|Any CPU.ActiveCfg = Debug|Any CPU
		{6CAE5F1F-B706-4AC9-A1F4-2BEE46114C56}.Debug|Any CPU.Build.0 = Debug|Any CPU
		{6CAE5F1F-B706-4AC9-A1F4-2BEE46114C56}.Release|Any CPU.ActiveCfg = Release|Any CPU
		{6CAE5F1F-B706-4AC9-A1F4-2BEE46114C56}.Release|Any CPU.Build.0 = Release|Any CPU
		{76866979-9296-4105-BEF0-1A0F4431AE8B}.Debug|Any CPU.ActiveCfg = Debug|Any CPU
		{76866979-9296-4105-BEF0-1A0F4431AE8B}.Debug|Any CPU.Build.0 = Debug|Any CPU
		{76866979-9296-4105-BEF0-1A0F4431AE8B}.Release|Any CPU.ActiveCfg = Release|Any CPU
		{76866979-9296-4105-BEF0-1A0F4431AE8B}.Release|Any CPU.Build.0 = Release|Any CPU
		{67476880-9525-4A89-97D2-9C43CE2F84AD}.Debug|Any CPU.ActiveCfg = Debug|Any CPU
		{67476880-9525-4A89-97D2-9C43CE2F84AD}.Debug|Any CPU.Build.0 = Debug|Any CPU
		{67476880-9525-4A89-97D2-9C43CE2F84AD}.Release|Any CPU.ActiveCfg = Release|Any CPU
		{67476880-9525-4A89-97D2-9C43CE2F84AD}.Release|Any CPU.Build.0 = Release|Any CPU
		{EF1322FA-74AB-4115-83BD-2A50ADF0E747}.Debug|Any CPU.ActiveCfg = Debug|Any CPU
		{EF1322FA-74AB-4115-83BD-2A50ADF0E747}.Debug|Any CPU.Build.0 = Debug|Any CPU
		{EF1322FA-74AB-4115-83BD-2A50ADF0E747}.Release|Any CPU.ActiveCfg = Release|Any CPU
		{EF1322FA-74AB-4115-83BD-2A50ADF0E747}.Release|Any CPU.Build.0 = Release|Any CPU
	EndGlobalSection
	GlobalSection(SolutionProperties) = preSolution
		HideSolutionNode = FALSE
	EndGlobalSection
	GlobalSection(ExtensibilityGlobals) = postSolution
		SolutionGuid = {24F0BFF0-1520-4622-99DC-A9427C1525D1}
	EndGlobalSection
EndGlobal
